
Microsoft Visual Studio Solution File, Format Version 12.00
# Visual Studio 15
VisualStudioVersion = 15.0.28010.2036
MinimumVisualStudioVersion = 10.0.40219.1
Project("{FAE04EC0-301F-11D3-BF4B-00C04F79EFBC}") = "BrainTeam", "BrainTeam\BrainTeam.csproj", "{00E9DD41-66C1-4313-9E07-C3865ACB771F}"
EndProject
Global
	GlobalSection(SolutionConfigurationPlatforms) = preSolution
		Debug|Any CPU = Debug|Any CPU
		Release|Any CPU = Release|Any CPU
	EndGlobalSection
	GlobalSection(ProjectConfigurationPlatforms) = postSolution
		{00E9DD41-66C1-4313-9E07-C3865ACB771F}.Debug|Any CPU.ActiveCfg = Debug|Any CPU
		{00E9DD41-66C1-4313-9E07-C3865ACB771F}.Debug|Any CPU.Build.0 = Debug|Any CPU
		{00E9DD41-66C1-4313-9E07-C3865ACB771F}.Release|Any CPU.ActiveCfg = Release|Any CPU
		{00E9DD41-66C1-4313-9E07-C3865ACB771F}.Release|Any CPU.Build.0 = Release|Any CPU
	EndGlobalSection
	GlobalSection(SolutionProperties) = preSolution
		HideSolutionNode = FALSE
	EndGlobalSection
	GlobalSection(ExtensibilityGlobals) = postSolution
		SolutionGuid = {2E823704-6CBE-4197-B69A-31AF3BDAE2C5}
	EndGlobalSection
EndGlobal
